
Microsoft Visual Studio Solution File, Format Version 12.00
# Visual Studio Version 17
VisualStudioVersion = 17.5.33530.505
MinimumVisualStudioVersion = 10.0.40219.1
Project("{FAE04EC0-301F-11D3-BF4B-00C04F79EFBC}") = "Simple calculator", "Simple calculator.csproj", "{596C55A9-4342-4C17-8985-44EECE152DC2}"
EndProject
Global
	GlobalSection(SolutionConfigurationPlatforms) = preSolution
		Debug|Any CPU = Debug|Any CPU
		Release|Any CPU = Release|Any CPU
	EndGlobalSection
	GlobalSection(ProjectConfigurationPlatforms) = postSolution
		{596C55A9-4342-4C17-8985-44EECE152DC2}.Debug|Any CPU.ActiveCfg = Debug|Any CPU
		{596C55A9-4342-4C17-8985-44EECE152DC2}.Debug|Any CPU.Build.0 = Debug|Any CPU
		{596C55A9-4342-4C17-8985-44EECE152DC2}.Release|Any CPU.ActiveCfg = Release|Any CPU
		{596C55A9-4342-4C17-8985-44EECE152DC2}.Release|Any CPU.Build.0 = Release|Any CPU
	EndGlobalSection
	GlobalSection(SolutionProperties) = preSolution
		HideSolutionNode = FALSE
	EndGlobalSection
	GlobalSection(ExtensibilityGlobals) = postSolution
		SolutionGuid = {0AD68772-D721-4B7D-9C64-F0D6CB77F14C}
	EndGlobalSection
EndGlobal
